
Microsoft Visual Studio Solution File, Format Version 12.00
# Visual Studio 14
VisualStudioVersion = 14.0.24720.0
MinimumVisualStudioVersion = 10.0.40219.1
Project("{FAE04EC0-301F-11D3-BF4B-00C04F79EFBC}") = "Sakuya.Twitch", "Sakuya.Twitch\Sakuya.Twitch.csproj", "{791A2A0E-68A7-4BD9-B854-6EAA75806978}"
EndProject
Project("{FAE04EC0-301F-11D3-BF4B-00C04F79EFBC}") = "Sakuya.Core", "..\Sakuya.Core\Sakuya.Core\Sakuya.Core.csproj", "{2732AA24-AFB4-4583-AB28-9B0C9ABE5DBB}"
EndProject
Project("{FAE04EC0-301F-11D3-BF4B-00C04F79EFBC}") = "SharpLuaNet20", "..\Sakuya.Core\SharpLua\SharpLua\SharpLuaNet20.csproj", "{90A9C907-11AD-4754-8B70-51CCB3A6C98A}"
EndProject
Global
	GlobalSection(SolutionConfigurationPlatforms) = preSolution
		Debug|Any CPU = Debug|Any CPU
		Release|Any CPU = Release|Any CPU
	EndGlobalSection
	GlobalSection(ProjectConfigurationPlatforms) = postSolution
		{791A2A0E-68A7-4BD9-B854-6EAA75806978}.Debug|Any CPU.ActiveCfg = Debug|Any CPU
		{791A2A0E-68A7-4BD9-B854-6EAA75806978}.Debug|Any CPU.Build.0 = Debug|Any CPU
		{791A2A0E-68A7-4BD9-B854-6EAA75806978}.Release|Any CPU.ActiveCfg = Release|Any CPU
		{791A2A0E-68A7-4BD9-B854-6EAA75806978}.Release|Any CPU.Build.0 = Release|Any CPU
		{2732AA24-AFB4-4583-AB28-9B0C9ABE5DBB}.Debug|Any CPU.ActiveCfg = Debug|Any CPU
		{2732AA24-AFB4-4583-AB28-9B0C9ABE5DBB}.Debug|Any CPU.Build.0 = Debug|Any CPU
		{2732AA24-AFB4-4583-AB28-9B0C9ABE5DBB}.Release|Any CPU.ActiveCfg = Release|Any CPU
		{2732AA24-AFB4-4583-AB28-9B0C9ABE5DBB}.Release|Any CPU.Build.0 = Release|Any CPU
		{90A9C907-11AD-4754-8B70-51CCB3A6C98A}.Debug|Any CPU.ActiveCfg = Debug|Any CPU
		{90A9C907-11AD-4754-8B70-51CCB3A6C98A}.Debug|Any CPU.Build.0 = Debug|Any CPU
		{90A9C907-11AD-4754-8B70-51CCB3A6C98A}.Release|Any CPU.ActiveCfg = Release|Any CPU
		{90A9C907-11AD-4754-8B70-51CCB3A6C98A}.Release|Any CPU.Build.0 = Release|Any CPU
	EndGlobalSection
	GlobalSection(SolutionProperties) = preSolution
		HideSolutionNode = FALSE
	EndGlobalSection
EndGlobal
